// !$*UTF8*$!
{
	archiveVersion = 1;
	classes = {
	};
	objectVersion = 55;
	objects = {

/* Begin PBXBuildFile section */
		62DDEEA29EF7347804A27A34 /* Pods_Memes.framework in Frameworks */ = {isa = PBXBuildFile; fileRef = E4ADE94A8DE669DA458931DA /* Pods_Memes.framework */; };
		AC44317128C7D79D0074AA43 /* Meme.swift in Sources */ = {isa = PBXBuildFile; fileRef = AC44317028C7D79D0074AA43 /* Meme.swift */; };
		AC44317628C8022F0074AA43 /* MemeController.swift in Sources */ = {isa = PBXBuildFile; fileRef = AC44317528C8022F0074AA43 /* MemeController.swift */; };
		AC9036D828C77BC500CB4ABA /* AppDelegate.swift in Sources */ = {isa = PBXBuildFile; fileRef = AC9036D728C77BC500CB4ABA /* AppDelegate.swift */; };
		AC9036DA28C77BC500CB4ABA /* SceneDelegate.swift in Sources */ = {isa = PBXBuildFile; fileRef = AC9036D928C77BC500CB4ABA /* SceneDelegate.swift */; };
		AC9036DC28C77BC500CB4ABA /* ViewController.swift in Sources */ = {isa = PBXBuildFile; fileRef = AC9036DB28C77BC500CB4ABA /* ViewController.swift */; };
		AC9036DF28C77BC500CB4ABA /* Main.storyboard in Resources */ = {isa = PBXBuildFile; fileRef = AC9036DD28C77BC500CB4ABA /* Main.storyboard */; };
		AC9036E128C77BC500CB4ABA /* Assets.xcassets in Resources */ = {isa = PBXBuildFile; fileRef = AC9036E028C77BC500CB4ABA /* Assets.xcassets */; };
		AC9036E428C77BC500CB4ABA /* LaunchScreen.storyboard in Resources */ = {isa = PBXBuildFile; fileRef = AC9036E228C77BC500CB4ABA /* LaunchScreen.storyboard */; };
/* End PBXBuildFile section */

/* Begin PBXFileReference section */
		0FCC41DD4B21EEB4C615E648 /* Pods-Memes.debug.xcconfig */ = {isa = PBXFileReference; includeInIndex = 1; lastKnownFileType = text.xcconfig; name = "Pods-Memes.debug.xcconfig"; path = "Target Support Files/Pods-Memes/Pods-Memes.debug.xcconfig"; sourceTree = "<group>"; };
		3060AED565AE02A9A2CF4BBE /* Pods-Memes.release.xcconfig */ = {isa = PBXFileReference; includeInIndex = 1; lastKnownFileType = text.xcconfig; name = "Pods-Memes.release.xcconfig"; path = "Target Support Files/Pods-Memes/Pods-Memes.release.xcconfig"; sourceTree = "<group>"; };
		AC44317028C7D79D0074AA43 /* Meme.swift */ = {isa = PBXFileReference; lastKnownFileType = sourcecode.swift; path = Meme.swift; sourceTree = "<group>"; };
		AC44317528C8022F0074AA43 /* MemeController.swift */ = {isa = PBXFileReference; lastKnownFileType = sourcecode.swift; path = MemeController.swift; sourceTree = "<group>"; };
		AC9036D428C77BC500CB4ABA /* Memes.app */ = {isa = PBXFileReference; explicitFileType = wrapper.application; includeInIndex = 0; path = Memes.app; sourceTree = BUILT_PRODUCTS_DIR; };
		AC9036D728C77BC500CB4ABA /* AppDelegate.swift */ = {isa = PBXFileReference; lastKnownFileType = sourcecode.swift; path = AppDelegate.swift; sourceTree = "<group>"; };
		AC9036D928C77BC500CB4ABA /* SceneDelegate.swift */ = {isa = PBXFileReference; lastKnownFileType = sourcecode.swift; path = SceneDelegate.swift; sourceTree = "<group>"; };
		AC9036DB28C77BC500CB4ABA /* ViewController.swift */ = {isa = PBXFileReference; lastKnownFileType = sourcecode.swift; path = ViewController.swift; sourceTree = "<group>"; };
		AC9036DE28C77BC500CB4ABA /* Base */ = {isa = PBXFileReference; lastKnownFileType = file.storyboard; name = Base; path = Base.lproj/Main.storyboard; sourceTree = "<group>"; };
		AC9036E028C77BC500CB4ABA /* Assets.xcassets */ = {isa = PBXFileReference; lastKnownFileType = folder.assetcatalog; path = Assets.xcassets; sourceTree = "<group>"; };
		AC9036E328C77BC500CB4ABA /* Base */ = {isa = PBXFileReference; lastKnownFileType = file.storyboard; name = Base; path = Base.lproj/LaunchScreen.storyboard; sourceTree = "<group>"; };
		AC9036E528C77BC500CB4ABA /* Info.plist */ = {isa = PBXFileReference; lastKnownFileType = text.plist.xml; path = Info.plist; sourceTree = "<group>"; };
		E4ADE94A8DE669DA458931DA /* Pods_Memes.framework */ = {isa = PBXFileReference; explicitFileType = wrapper.framework; includeInIndex = 0; path = Pods_Memes.framework; sourceTree = BUILT_PRODUCTS_DIR; };
/* End PBXFileReference section */

/* Begin PBXFrameworksBuildPhase section */
		AC9036D128C77BC500CB4ABA /* Frameworks */ = {
			isa = PBXFrameworksBuildPhase;
			buildActionMask = 2147483647;
			files = (
				62DDEEA29EF7347804A27A34 /* Pods_Memes.framework in Frameworks */,
			);
			runOnlyForDeploymentPostprocessing = 0;
		};
/* End PBXFrameworksBuildPhase section */

/* Begin PBXGroup section */
		0B5564BAF64AF3BD45BFE4E0 /* Pods */ = {
			isa = PBXGroup;
			children = (
				0FCC41DD4B21EEB4C615E648 /* Pods-Memes.debug.xcconfig */,
				3060AED565AE02A9A2CF4BBE /* Pods-Memes.release.xcconfig */,
			);
			path = Pods;
			sourceTree = "<group>";
		};
		7969FC4E8321345591062029 /* Frameworks */ = {
			isa = PBXGroup;
			children = (
				E4ADE94A8DE669DA458931DA /* Pods_Memes.framework */,
			);
			name = Frameworks;
			sourceTree = "<group>";
		};
		AC44317228C7DE360074AA43 /* Model */ = {
			isa = PBXGroup;
			children = (
				AC44317028C7D79D0074AA43 /* Meme.swift */,
			);
			path = Model;
			sourceTree = "<group>";
		};
		AC44317328C7DE4A0074AA43 /* View */ = {
			isa = PBXGroup;
			children = (
				AC9036DB28C77BC500CB4ABA /* ViewController.swift */,
			);
			path = View;
			sourceTree = "<group>";
		};
		AC44317428C802030074AA43 /* Controller */ = {
			isa = PBXGroup;
			children = (
				AC44317528C8022F0074AA43 /* MemeController.swift */,
			);
			path = Controller;
			sourceTree = "<group>";
		};
		AC9036CB28C77BC500CB4ABA = {
			isa = PBXGroup;
			children = (
				AC9036D628C77BC500CB4ABA /* Memes */,
				AC9036D528C77BC500CB4ABA /* Products */,
				0B5564BAF64AF3BD45BFE4E0 /* Pods */,
				7969FC4E8321345591062029 /* Frameworks */,
			);
			sourceTree = "<group>";
		};
		AC9036D528C77BC500CB4ABA /* Products */ = {
			isa = PBXGroup;
			children = (
				AC9036D428C77BC500CB4ABA /* Memes.app */,
			);
			name = Products;
			sourceTree = "<group>";
		};
		AC9036D628C77BC500CB4ABA /* Memes */ = {
			isa = PBXGroup;
			children = (
				AC44317428C802030074AA43 /* Controller */,
				AC44317328C7DE4A0074AA43 /* View */,
				AC44317228C7DE360074AA43 /* Model */,
				AC9036D728C77BC500CB4ABA /* AppDelegate.swift */,
				AC9036D928C77BC500CB4ABA /* SceneDelegate.swift */,
				AC9036DD28C77BC500CB4ABA /* Main.storyboard */,
				AC9036E028C77BC500CB4ABA /* Assets.xcassets */,
				AC9036E228C77BC500CB4ABA /* LaunchScreen.storyboard */,
				AC9036E528C77BC500CB4ABA /* Info.plist */,
			);
			path = Memes;
			sourceTree = "<group>";
		};
/* End PBXGroup section */

/* Begin PBXNativeTarget section */
		AC9036D328C77BC500CB4ABA /* Memes */ = {
			isa = PBXNativeTarget;
			buildConfigurationList = AC9036E828C77BC500CB4ABA /* Build configuration list for PBXNativeTarget "Memes" */;
			buildPhases = (
				8F73D574D4B76103FC986595 /* [CP] Check Pods Manifest.lock */,
				AC9036D028C77BC500CB4ABA /* Sources */,
				AC9036D128C77BC500CB4ABA /* Frameworks */,
				AC9036D228C77BC500CB4ABA /* Resources */,
				6D60E140CB45F828848444EE /* [CP] Embed Pods Frameworks */,
			);
			buildRules = (
			);
			dependencies = (
			);
			name = Memes;
			productName = Memes;
			productReference = AC9036D428C77BC500CB4ABA /* Memes.app */;
			productType = "com.apple.product-type.application";
		};
/* End PBXNativeTarget section */

/* Begin PBXProject section */
		AC9036CC28C77BC500CB4ABA /* Project object */ = {
			isa = PBXProject;
			attributes = {
				BuildIndependentTargetsInParallel = 1;
				LastSwiftUpdateCheck = 1340;
				LastUpgradeCheck = 1340;
				TargetAttributes = {
					AC9036D328C77BC500CB4ABA = {
						CreatedOnToolsVersion = 13.4.1;
					};
				};
			};
			buildConfigurationList = AC9036CF28C77BC500CB4ABA /* Build configuration list for PBXProject "Memes" */;
			compatibilityVersion = "Xcode 13.0";
			developmentRegion = en;
			hasScannedForEncodings = 0;
			knownRegions = (
				en,
				Base,
			);
			mainGroup = AC9036CB28C77BC500CB4ABA;
			productRefGroup = AC9036D528C77BC500CB4ABA /* Products */;
			projectDirPath = "";
			projectRoot = "";
			targets = (
				AC9036D328C77BC500CB4ABA /* Memes */,
			);
		};
/* End PBXProject section */

/* Begin PBXResourcesBuildPhase section */
		AC9036D228C77BC500CB4ABA /* Resources */ = {
			isa = PBXResourcesBuildPhase;
			buildActionMask = 2147483647;
			files = (
				AC9036E428C77BC500CB4ABA /* LaunchScreen.storyboard in Resources */,
				AC9036E128C77BC500CB4ABA /* Assets.xcassets in Resources */,
				AC9036DF28C77BC500CB4ABA /* Main.storyboard in Resources */,
			);
			runOnlyForDeploymentPostprocessing = 0;
		};
/* End PBXResourcesBuildPhase section */

/* Begin PBXShellScriptBuildPhase section */
		6D60E140CB45F828848444EE /* [CP] Embed Pods Frameworks */ = {
			isa = PBXShellScriptBuildPhase;
			buildActionMask = 2147483647;
			files = (
			);
			inputFileListPaths = (
				"${PODS_ROOT}/Target Support Files/Pods-Memes/Pods-Memes-frameworks-${CONFIGURATION}-input-files.xcfilelist",
			);
			name = "[CP] Embed Pods Frameworks";
			outputFileListPaths = (
				"${PODS_ROOT}/Target Support Files/Pods-Memes/Pods-Memes-frameworks-${CONFIGURATION}-output-files.xcfilelist",
			);
			runOnlyForDeploymentPostprocessing = 0;
			shellPath = /bin/sh;
			shellScript = "\"${PODS_ROOT}/Target Support Files/Pods-Memes/Pods-Memes-frameworks.sh\"\n";
			showEnvVarsInLog = 0;
		};
		8F73D574D4B76103FC986595 /* [CP] Check Pods Manifest.lock */ = {
			isa = PBXShellScriptBuildPhase;
			buildActionMask = 2147483647;
			files = (
			);
			inputFileListPaths = (
			);
			inputPaths = (
				"${PODS_PODFILE_DIR_PATH}/Podfile.lock",
				"${PODS_ROOT}/Manifest.lock",
			);
			name = "[CP] Check Pods Manifest.lock";
			outputFileListPaths = (
			);
			outputPaths = (
				"$(DERIVED_FILE_DIR)/Pods-Memes-checkManifestLockResult.txt",
			);
			runOnlyForDeploymentPostprocessing = 0;
			shellPath = /bin/sh;
			shellScript = "diff \"${PODS_PODFILE_DIR_PATH}/Podfile.lock\" \"${PODS_ROOT}/Manifest.lock\" > /dev/null\nif [ $? != 0 ] ; then\n    # print error to STDERR\n    echo \"error: The sandbox is not in sync with the Podfile.lock. Run 'pod install' or update your CocoaPods installation.\" >&2\n    exit 1\nfi\n# This output is used by Xcode 'outputs' to avoid re-running this script phase.\necho \"SUCCESS\" > \"${SCRIPT_OUTPUT_FILE_0}\"\n";
			showEnvVarsInLog = 0;
		};
/* End PBXShellScriptBuildPhase section */

/* Begin PBXSourcesBuildPhase section */
		AC9036D028C77BC500CB4ABA /* Sources */ = {
			isa = PBXSourcesBuildPhase;
			buildActionMask = 2147483647;
			files = (
				AC44317628C8022F0074AA43 /* MemeController.swift in Sources */,
				AC9036DC28C77BC500CB4ABA /* ViewController.swift in Sources */,
				AC44317128C7D79D0074AA43 /* Meme.swift in Sources */,
				AC9036D828C77BC500CB4ABA /* AppDelegate.swift in Sources */,
				AC9036DA28C77BC500CB4ABA /* SceneDelegate.swift in Sources */,
			);
			runOnlyForDeploymentPostprocessing = 0;
		};
/* End PBXSourcesBuildPhase section */

/* Begin PBXVariantGroup section */
		AC9036DD28C77BC500CB4ABA /* Main.storyboard */ = {
			isa = PBXVariantGroup;
			children = (
				AC9036DE28C77BC500CB4ABA /* Base */,
			);
			name = Main.storyboard;
			sourceTree = "<group>";
		};
		AC9036E228C77BC500CB4ABA /* LaunchScreen.storyboard */ = {
			isa = PBXVariantGroup;
			children = (
				AC9036E328C77BC500CB4ABA /* Base */,
			);
			name = LaunchScreen.storyboard;
			sourceTree = "<group>";
		};
/* End PBXVariantGroup section */

/* Begin XCBuildConfiguration section */
		AC9036E628C77BC500CB4ABA /* Debug */ = {
			isa = XCBuildConfiguration;
			buildSettings = {
				ALWAYS_SEARCH_USER_PATHS = NO;
				CLANG_ANALYZER_NONNULL = YES;
				CLANG_ANALYZER_NUMBER_OBJECT_CONVERSION = YES_AGGRESSIVE;
				CLANG_CXX_LANGUAGE_STANDARD = "gnu++17";
				CLANG_ENABLE_MODULES = YES;
				CLANG_ENABLE_OBJC_ARC = YES;
				CLANG_ENABLE_OBJC_WEAK = YES;
				CLANG_WARN_BLOCK_CAPTURE_AUTORELEASING = YES;
				CLANG_WARN_BOOL_CONVERSION = YES;
				CLANG_WARN_COMMA = YES;
				CLANG_WARN_CONSTANT_CONVERSION = YES;
				CLANG_WARN_DEPRECATED_OBJC_IMPLEMENTATIONS = YES;
				CLANG_WARN_DIRECT_OBJC_ISA_USAGE = YES_ERROR;
				CLANG_WARN_DOCUMENTATION_COMMENTS = YES;
				CLANG_WARN_EMPTY_BODY = YES;
				CLANG_WARN_ENUM_CONVERSION = YES;
				CLANG_WARN_INFINITE_RECURSION = YES;
				CLANG_WARN_INT_CONVERSION = YES;
				CLANG_WARN_NON_LITERAL_NULL_CONVERSION = YES;
				CLANG_WARN_OBJC_IMPLICIT_RETAIN_SELF = YES;
				CLANG_WARN_OBJC_LITERAL_CONVERSION = YES;
				CLANG_WARN_OBJC_ROOT_CLASS = YES_ERROR;
				CLANG_WARN_QUOTED_INCLUDE_IN_FRAMEWORK_HEADER = YES;
				CLANG_WARN_RANGE_LOOP_ANALYSIS = YES;
				CLANG_WARN_STRICT_PROTOTYPES = YES;
				CLANG_WARN_SUSPICIOUS_MOVE = YES;
				CLANG_WARN_UNGUARDED_AVAILABILITY = YES_AGGRESSIVE;
				CLANG_WARN_UNREACHABLE_CODE = YES;
				CLANG_WARN__DUPLICATE_METHOD_MATCH = YES;
				COPY_PHASE_STRIP = NO;
				DEBUG_INFORMATION_FORMAT = dwarf;
				ENABLE_STRICT_OBJC_MSGSEND = YES;
				ENABLE_TESTABILITY = YES;
				GCC_C_LANGUAGE_STANDARD = gnu11;
				GCC_DYNAMIC_NO_PIC = NO;
				GCC_NO_COMMON_BLOCKS = YES;
				GCC_OPTIMIZATION_LEVEL = 0;
				GCC_PREPROCESSOR_DEFINITIONS = (
					"DEBUG=1",
					"$(inherited)",
				);
				GCC_WARN_64_TO_32_BIT_CONVERSION = YES;
				GCC_WARN_ABOUT_RETURN_TYPE = YES_ERROR;
				GCC_WARN_UNDECLARED_SELECTOR = YES;
				GCC_WARN_UNINITIALIZED_AUTOS = YES_AGGRESSIVE;
				GCC_WARN_UNUSED_FUNCTION = YES;
				GCC_WARN_UNUSED_VARIABLE = YES;
				IPHONEOS_DEPLOYMENT_TARGET = 15.5;
				MTL_ENABLE_DEBUG_INFO = INCLUDE_SOURCE;
				MTL_FAST_MATH = YES;
				ONLY_ACTIVE_ARCH = YES;
				SDKROOT = iphoneos;
				SWIFT_ACTIVE_COMPILATION_CONDITIONS = DEBUG;
				SWIFT_OPTIMIZATION_LEVEL = "-Onone";
			};
			name = Debug;
		};
		AC9036E728C77BC500CB4ABA /* Release */ = {
			isa = XCBuildConfiguration;
			buildSettings = {
				ALWAYS_SEARCH_USER_PATHS = NO;
				CLANG_ANALYZER_NONNULL = YES;
				CLANG_ANALYZER_NUMBER_OBJECT_CONVERSION = YES_AGGRESSIVE;
				CLANG_CXX_LANGUAGE_STANDARD = "gnu++17";
				CLANG_ENABLE_MODULES = YES;
				CLANG_ENABLE_OBJC_ARC = YES;
				CLANG_ENABLE_OBJC_WEAK = YES;
				CLANG_WARN_BLOCK_CAPTURE_AUTORELEASING = YES;
				CLANG_WARN_BOOL_CONVERSION = YES;
				CLANG_WARN_COMMA = YES;
				CLANG_WARN_CONSTANT_CONVERSION = YES;
				CLANG_WARN_DEPRECATED_OBJC_IMPLEMENTATIONS = YES;
				CLANG_WARN_DIRECT_OBJC_ISA_USAGE = YES_ERROR;
				CLANG_WARN_DOCUMENTATION_COMMENTS = YES;
				CLANG_WARN_EMPTY_BODY = YES;
				CLANG_WARN_ENUM_CONVERSION = YES;
				CLANG_WARN_INFINITE_RECURSION = YES;
				CLANG_WARN_INT_CONVERSION = YES;
				CLANG_WARN_NON_LITERAL_NULL_CONVERSION = YES;
				CLANG_WARN_OBJC_IMPLICIT_RETAIN_SELF = YES;
				CLANG_WARN_OBJC_LITERAL_CONVERSION = YES;
				CLANG_WARN_OBJC_ROOT_CLASS = YES_ERROR;
				CLANG_WARN_QUOTED_INCLUDE_IN_FRAMEWORK_HEADER = YES;
				CLANG_WARN_RANGE_LOOP_ANALYSIS = YES;
				CLANG_WARN_STRICT_PROTOTYPES = YES;
				CLANG_WARN_SUSPICIOUS_MOVE = YES;
				CLANG_WARN_UNGUARDED_AVAILABILITY = YES_AGGRESSIVE;
				CLANG_WARN_UNREACHABLE_CODE = YES;
				CLANG_WARN__DUPLICATE_METHOD_MATCH = YES;
				COPY_PHASE_STRIP = NO;
				DEBUG_INFORMATION_FORMAT = "dwarf-with-dsym";
				ENABLE_NS_ASSERTIONS = NO;
				ENABLE_STRICT_OBJC_MSGSEND = YES;
				GCC_C_LANGUAGE_STANDARD = gnu11;
				GCC_NO_COMMON_BLOCKS = YES;
				GCC_WARN_64_TO_32_BIT_CONVERSION = YES;
				GCC_WARN_ABOUT_RETURN_TYPE = YES_ERROR;
				GCC_WARN_UNDECLARED_SELECTOR = YES;
				GCC_WARN_UNINITIALIZED_AUTOS = YES_AGGRESSIVE;
				GCC_WARN_UNUSED_FUNCTION = YES;
				GCC_WARN_UNUSED_VARIABLE = YES;
				IPHONEOS_DEPLOYMENT_TARGET = 15.5;
				MTL_ENABLE_DEBUG_INFO = NO;
				MTL_FAST_MATH = YES;
				SDKROOT = iphoneos;
				SWIFT_COMPILATION_MODE = wholemodule;
				SWIFT_OPTIMIZATION_LEVEL = "-O";
				VALIDATE_PRODUCT = YES;
			};
			name = Release;
		};
		AC9036E928C77BC500CB4ABA /* Debug */ = {
			isa = XCBuildConfiguration;
			baseConfigurationReference = 0FCC41DD4B21EEB4C615E648 /* Pods-Memes.debug.xcconfig */;
			buildSettings = {
				ASSETCATALOG_COMPILER_APPICON_NAME = AppIcon;
				ASSETCATALOG_COMPILER_GLOBAL_ACCENT_COLOR_NAME = AccentColor;
				CODE_SIGN_STYLE = Automatic;
				CURRENT_PROJECT_VERSION = 1;
				GENERATE_INFOPLIST_FILE = YES;
				INFOPLIST_FILE = Memes/Info.plist;
				INFOPLIST_KEY_UIApplicationSupportsIndirectInputEvents = YES;
				INFOPLIST_KEY_UILaunchStoryboardName = LaunchScreen;
				INFOPLIST_KEY_UIMainStoryboardFile = Main;
				INFOPLIST_KEY_UISupportedInterfaceOrientations_iPad = "UIInterfaceOrientationPortrait UIInterfaceOrientationPortraitUpsideDown UIInterfaceOrientationLandscapeLeft UIInterfaceOrientationLandscapeRight";
				INFOPLIST_KEY_UISupportedInterfaceOrientations_iPhone = "UIInterfaceOrientationPortrait UIInterfaceOrientationLandscapeLeft UIInterfaceOrientationLandscapeRight";
				LD_RUNPATH_SEARCH_PATHS = (
					"$(inherited)",
					"@executable_path/Frameworks",
				);
				MARKETING_VERSION = 1.0;
				PRODUCT_BUNDLE_IDENTIFIER = Hardsys.Memes;
				PRODUCT_NAME = "$(TARGET_NAME)";
				SWIFT_EMIT_LOC_STRINGS = YES;
				SWIFT_VERSION = 5.0;
				TARGETED_DEVICE_FAMILY = "1,2";
			};
			name = Debug;
		};
		AC9036EA28C77BC500CB4ABA /* Release */ = {
			isa = XCBuildConfiguration;
			baseConfigurationReference = 3060AED565AE02A9A2CF4BBE /* Pods-Memes.release.xcconfig */;
			buildSettings = {
				ASSETCATALOG_COMPILER_APPICON_NAME = AppIcon;
				ASSETCATALOG_COMPILER_GLOBAL_ACCENT_COLOR_NAME = AccentColor;
				CODE_SIGN_STYLE = Automatic;
				CURRENT_PROJECT_VERSION = 1;
				GENERATE_INFOPLIST_FILE = YES;
				INFOPLIST_FILE = Memes/Info.plist;
				INFOPLIST_KEY_UIApplicationSupportsIndirectInputEvents = YES;
				INFOPLIST_KEY_UILaunchStoryboardName = LaunchScreen;
				INFOPLIST_KEY_UIMainStoryboardFile = Main;
				INFOPLIST_KEY_UISupportedInterfaceOrientations_iPad = "UIInterfaceOrientationPortrait UIInterfaceOrientationPortraitUpsideDown UIInterfaceOrientationLandscapeLeft UIInterfaceOrientationLandscapeRight";
				INFOPLIST_KEY_UISupportedInterfaceOrientations_iPhone = "UIInterfaceOrientationPortrait UIInterfaceOrientationLandscapeLeft UIInterfaceOrientationLandscapeRight";
				LD_RUNPATH_SEARCH_PATHS = (
					"$(inherited)",
					"@executable_path/Frameworks",
				);
				MARKETING_VERSION = 1.0;
				PRODUCT_BUNDLE_IDENTIFIER = Hardsys.Memes;
				PRODUCT_NAME = "$(TARGET_NAME)";
				SWIFT_EMIT_LOC_STRINGS = YES;
				SWIFT_VERSION = 5.0;
				TARGETED_DEVICE_FAMILY = "1,2";
			};
			name = Release;
		};
/* End XCBuildConfiguration section */

/* Begin XCConfigurationList section */
		AC9036CF28C77BC500CB4ABA /* Build configuration list for PBXProject "Memes" */ = {
			isa = XCConfigurationList;
			buildConfigurations = (
				AC9036E628C77BC500CB4ABA /* Debug */,
				AC9036E728C77BC500CB4ABA /* Release */,
			);
			defaultConfigurationIsVisible = 0;
			defaultConfigurationName = Release;
		};
		AC9036E828C77BC500CB4ABA /* Build configuration list for PBXNativeTarget "Memes" */ = {
			isa = XCConfigurationList;
			buildConfigurations = (
				AC9036E928C77BC500CB4ABA /* Debug */,
				AC9036EA28C77BC500CB4ABA /* Release */,
			);
			defaultConfigurationIsVisible = 0;
			defaultConfigurationName = Release;
		};
/* End XCConfigurationList section */
	};
	rootObject = AC9036CC28C77BC500CB4ABA /* Project object */;
}
